
Microsoft Visual Studio Solution File, Format Version 12.00
# Visual Studio 2013
VisualStudioVersion = 12.0.40629.0
MinimumVisualStudioVersion = 10.0.40219.1
Project("{FAE04EC0-301F-11D3-BF4B-00C04F79EFBC}") = "P1_SeriesOfLetters", "P1_SeriesOfLetters\P1_SeriesOfLetters.csproj", "{53A1C37F-4E51-4E16-9883-26E28BDECB49}"
EndProject
Project("{FAE04EC0-301F-11D3-BF4B-00C04F79EFBC}") = "P2_ReplaceAnchorTag", "P2_ReplaceAnchorTag\P2_ReplaceAnchorTag.csproj", "{B06DFBDE-294A-4D2D-B675-D66EE9DD0D67}"
EndProject
Global
	GlobalSection(SolutionConfigurationPlatforms) = preSolution
		Debug|Any CPU = Debug|Any CPU
		Release|Any CPU = Release|Any CPU
	EndGlobalSection
	GlobalSection(ProjectConfigurationPlatforms) = postSolution
		{53A1C37F-4E51-4E16-9883-26E28BDECB49}.Debug|Any CPU.ActiveCfg = Debug|Any CPU
		{53A1C37F-4E51-4E16-9883-26E28BDECB49}.Debug|Any CPU.Build.0 = Debug|Any CPU
		{53A1C37F-4E51-4E16-9883-26E28BDECB49}.Release|Any CPU.ActiveCfg = Release|Any CPU
		{53A1C37F-4E51-4E16-9883-26E28BDECB49}.Release|Any CPU.Build.0 = Release|Any CPU
		{B06DFBDE-294A-4D2D-B675-D66EE9DD0D67}.Debug|Any CPU.ActiveCfg = Debug|Any CPU
		{B06DFBDE-294A-4D2D-B675-D66EE9DD0D67}.Debug|Any CPU.Build.0 = Debug|Any CPU
		{B06DFBDE-294A-4D2D-B675-D66EE9DD0D67}.Release|Any CPU.ActiveCfg = Release|Any CPU
		{B06DFBDE-294A-4D2D-B675-D66EE9DD0D67}.Release|Any CPU.Build.0 = Release|Any CPU
	EndGlobalSection
	GlobalSection(SolutionProperties) = preSolution
		HideSolutionNode = FALSE
	EndGlobalSection
EndGlobal
