
Microsoft Visual Studio Solution File, Format Version 12.00
# Visual Studio 2013
VisualStudioVersion = 12.0.40629.0
MinimumVisualStudioVersion = 10.0.40219.1
Project("{FAE04EC0-301F-11D3-BF4B-00C04F79EFBC}") = "P1_ReverseString", "P1_ReverseString\P1_ReverseString.csproj", "{0D73716F-B3B9-48D4-88B3-12E64688858A}"
EndProject
Project("{FAE04EC0-301F-11D3-BF4B-00C04F79EFBC}") = "P2_StringLength", "P2_StringLength\P2_StringLength.csproj", "{B0B19FAC-E902-4107-AE8F-CA30EFA8C39B}"
EndProject
Project("{FAE04EC0-301F-11D3-BF4B-00C04F79EFBC}") = "P3_CountSubstringOccurrences", "P3_CountSubstringOccurrences\P3_CountSubstringOccurrences.csproj", "{B18F1320-5CE5-4A18-9C63-AA152F28E2AA}"
EndProject
Global
	GlobalSection(SolutionConfigurationPlatforms) = preSolution
		Debug|Any CPU = Debug|Any CPU
		Release|Any CPU = Release|Any CPU
	EndGlobalSection
	GlobalSection(ProjectConfigurationPlatforms) = postSolution
		{0D73716F-B3B9-48D4-88B3-12E64688858A}.Debug|Any CPU.ActiveCfg = Debug|Any CPU
		{0D73716F-B3B9-48D4-88B3-12E64688858A}.Debug|Any CPU.Build.0 = Debug|Any CPU
		{0D73716F-B3B9-48D4-88B3-12E64688858A}.Release|Any CPU.ActiveCfg = Release|Any CPU
		{0D73716F-B3B9-48D4-88B3-12E64688858A}.Release|Any CPU.Build.0 = Release|Any CPU
		{B0B19FAC-E902-4107-AE8F-CA30EFA8C39B}.Debug|Any CPU.ActiveCfg = Debug|Any CPU
		{B0B19FAC-E902-4107-AE8F-CA30EFA8C39B}.Debug|Any CPU.Build.0 = Debug|Any CPU
		{B0B19FAC-E902-4107-AE8F-CA30EFA8C39B}.Release|Any CPU.ActiveCfg = Release|Any CPU
		{B0B19FAC-E902-4107-AE8F-CA30EFA8C39B}.Release|Any CPU.Build.0 = Release|Any CPU
		{B18F1320-5CE5-4A18-9C63-AA152F28E2AA}.Debug|Any CPU.ActiveCfg = Debug|Any CPU
		{B18F1320-5CE5-4A18-9C63-AA152F28E2AA}.Debug|Any CPU.Build.0 = Debug|Any CPU
		{B18F1320-5CE5-4A18-9C63-AA152F28E2AA}.Release|Any CPU.ActiveCfg = Release|Any CPU
		{B18F1320-5CE5-4A18-9C63-AA152F28E2AA}.Release|Any CPU.Build.0 = Release|Any CPU
	EndGlobalSection
	GlobalSection(SolutionProperties) = preSolution
		HideSolutionNode = FALSE
	EndGlobalSection
EndGlobal
