
Microsoft Visual Studio Solution File, Format Version 12.00
# Visual Studio 2013
VisualStudioVersion = 12.0.40629.0
MinimumVisualStudioVersion = 10.0.40219.1
Project("{FAE04EC0-301F-11D3-BF4B-00C04F79EFBC}") = "P1_FillTheMatrix", "P1_FillTheMatrix\P1_FillTheMatrix.csproj", "{D6FFEBC5-AF51-408A-8840-5C704F959178}"
EndProject
Project("{FAE04EC0-301F-11D3-BF4B-00C04F79EFBC}") = "P2_MaximalSum", "P2_MaximalSum\P2_MaximalSum.csproj", "{7D230CA6-4427-45C4-9D38-2A103D4353E9}"
EndProject
Project("{FAE04EC0-301F-11D3-BF4B-00C04F79EFBC}") = "P3_MatrixShuffling", "P3_MatrixShuffling\P3_MatrixShuffling.csproj", "{E24BD42B-5D44-4CD6-93E5-951DA730267D}"
EndProject
Project("{FAE04EC0-301F-11D3-BF4B-00C04F79EFBC}") = "P4_SequenceInMatrix", "P4_SequenceInMatrix\P4_SequenceInMatrix.csproj", "{98BE2C58-C8B4-4B98-99A0-094455C4B9A4}"
EndProject
Project("{FAE04EC0-301F-11D3-BF4B-00C04F79EFBC}") = "P5_CollectTheCoins", "P5_CollectTheCoins\P5_CollectTheCoins.csproj", "{1EB4AD11-12C0-4D84-B913-3762A383467E}"
EndProject
Project("{FAE04EC0-301F-11D3-BF4B-00C04F79EFBC}") = "P6_CountSymbols", "P6_CountSymbols\P6_CountSymbols.csproj", "{E2BD149F-2840-40D7-9739-B14C84DAB21E}"
EndProject
Project("{FAE04EC0-301F-11D3-BF4B-00C04F79EFBC}") = "P7_Phonebook", "P7_Phonebook\P7_Phonebook.csproj", "{011E5B85-14B3-4C47-B863-3664C922BCAD}"
EndProject
Project("{FAE04EC0-301F-11D3-BF4B-00C04F79EFBC}") = "P8_NightLife", "P8_NightLife\P8_NightLife.csproj", "{C1252809-4D71-43DD-A4F3-7885ED229327}"
EndProject
Global
	GlobalSection(SolutionConfigurationPlatforms) = preSolution
		Debug|Any CPU = Debug|Any CPU
		Release|Any CPU = Release|Any CPU
	EndGlobalSection
	GlobalSection(ProjectConfigurationPlatforms) = postSolution
		{D6FFEBC5-AF51-408A-8840-5C704F959178}.Debug|Any CPU.ActiveCfg = Debug|Any CPU
		{D6FFEBC5-AF51-408A-8840-5C704F959178}.Debug|Any CPU.Build.0 = Debug|Any CPU
		{D6FFEBC5-AF51-408A-8840-5C704F959178}.Release|Any CPU.ActiveCfg = Release|Any CPU
		{D6FFEBC5-AF51-408A-8840-5C704F959178}.Release|Any CPU.Build.0 = Release|Any CPU
		{7D230CA6-4427-45C4-9D38-2A103D4353E9}.Debug|Any CPU.ActiveCfg = Debug|Any CPU
		{7D230CA6-4427-45C4-9D38-2A103D4353E9}.Debug|Any CPU.Build.0 = Debug|Any CPU
		{7D230CA6-4427-45C4-9D38-2A103D4353E9}.Release|Any CPU.ActiveCfg = Release|Any CPU
		{7D230CA6-4427-45C4-9D38-2A103D4353E9}.Release|Any CPU.Build.0 = Release|Any CPU
		{E24BD42B-5D44-4CD6-93E5-951DA730267D}.Debug|Any CPU.ActiveCfg = Debug|Any CPU
		{E24BD42B-5D44-4CD6-93E5-951DA730267D}.Debug|Any CPU.Build.0 = Debug|Any CPU
		{E24BD42B-5D44-4CD6-93E5-951DA730267D}.Release|Any CPU.ActiveCfg = Release|Any CPU
		{E24BD42B-5D44-4CD6-93E5-951DA730267D}.Release|Any CPU.Build.0 = Release|Any CPU
		{98BE2C58-C8B4-4B98-99A0-094455C4B9A4}.Debug|Any CPU.ActiveCfg = Debug|Any CPU
		{98BE2C58-C8B4-4B98-99A0-094455C4B9A4}.Debug|Any CPU.Build.0 = Debug|Any CPU
		{98BE2C58-C8B4-4B98-99A0-094455C4B9A4}.Release|Any CPU.ActiveCfg = Release|Any CPU
		{98BE2C58-C8B4-4B98-99A0-094455C4B9A4}.Release|Any CPU.Build.0 = Release|Any CPU
		{1EB4AD11-12C0-4D84-B913-3762A383467E}.Debug|Any CPU.ActiveCfg = Debug|Any CPU
		{1EB4AD11-12C0-4D84-B913-3762A383467E}.Debug|Any CPU.Build.0 = Debug|Any CPU
		{1EB4AD11-12C0-4D84-B913-3762A383467E}.Release|Any CPU.ActiveCfg = Release|Any CPU
		{1EB4AD11-12C0-4D84-B913-3762A383467E}.Release|Any CPU.Build.0 = Release|Any CPU
		{E2BD149F-2840-40D7-9739-B14C84DAB21E}.Debug|Any CPU.ActiveCfg = Debug|Any CPU
		{E2BD149F-2840-40D7-9739-B14C84DAB21E}.Debug|Any CPU.Build.0 = Debug|Any CPU
		{E2BD149F-2840-40D7-9739-B14C84DAB21E}.Release|Any CPU.ActiveCfg = Release|Any CPU
		{E2BD149F-2840-40D7-9739-B14C84DAB21E}.Release|Any CPU.Build.0 = Release|Any CPU
		{011E5B85-14B3-4C47-B863-3664C922BCAD}.Debug|Any CPU.ActiveCfg = Debug|Any CPU
		{011E5B85-14B3-4C47-B863-3664C922BCAD}.Debug|Any CPU.Build.0 = Debug|Any CPU
		{011E5B85-14B3-4C47-B863-3664C922BCAD}.Release|Any CPU.ActiveCfg = Release|Any CPU
		{011E5B85-14B3-4C47-B863-3664C922BCAD}.Release|Any CPU.Build.0 = Release|Any CPU
		{C1252809-4D71-43DD-A4F3-7885ED229327}.Debug|Any CPU.ActiveCfg = Debug|Any CPU
		{C1252809-4D71-43DD-A4F3-7885ED229327}.Debug|Any CPU.Build.0 = Debug|Any CPU
		{C1252809-4D71-43DD-A4F3-7885ED229327}.Release|Any CPU.ActiveCfg = Release|Any CPU
		{C1252809-4D71-43DD-A4F3-7885ED229327}.Release|Any CPU.Build.0 = Release|Any CPU
	EndGlobalSection
	GlobalSection(SolutionProperties) = preSolution
		HideSolutionNode = FALSE
	EndGlobalSection
EndGlobal
