
Microsoft Visual Studio Solution File, Format Version 12.00
# Visual Studio 2013
VisualStudioVersion = 12.0.40629.0
MinimumVisualStudioVersion = 10.0.40219.1
Project("{FAE04EC0-301F-11D3-BF4B-00C04F79EFBC}") = "P1_SortArrayOfNumbers", "P1_SortArrayOfNumbers\P1_SortArrayOfNumbers.csproj", "{8DF2AFB6-6602-41CA-A139-1190BD83C3D9}"
EndProject
Project("{FAE04EC0-301F-11D3-BF4B-00C04F79EFBC}") = "P2_SortArrayOfNumbersSelectionSort", "P2_SortArrayOfNumbersSelectionSort\P2_SortArrayOfNumbersSelectionSort.csproj", "{645FC056-0B81-4E5C-9C9E-06D402B99CBF}"
EndProject
Project("{FAE04EC0-301F-11D3-BF4B-00C04F79EFBC}") = "P3_CategorizeNumbersFindMinMaxAvg", "P3_CategorizeNumbersFindMinMaxAvg\P3_CategorizeNumbersFindMinMaxAvg.csproj", "{A090C105-8E79-4C38-A8FE-65C4DB0469DE}"
EndProject
Project("{FAE04EC0-301F-11D3-BF4B-00C04F79EFBC}") = "P4_SequencesOfEqualStrings", "P4_SequencesOfEqualStrings\P4_SequencesOfEqualStrings.csproj", "{17395582-B72A-46DC-B36C-414237F9CD38}"
EndProject
Project("{FAE04EC0-301F-11D3-BF4B-00C04F79EFBC}") = "P5_LongestIncreasingSequence", "P5_LongestIncreasingSequence\P5_LongestIncreasingSequence.csproj", "{4643111D-842D-4D75-94D0-7FFCB01BFCDE}"
EndProject
Global
	GlobalSection(SolutionConfigurationPlatforms) = preSolution
		Debug|Any CPU = Debug|Any CPU
		Release|Any CPU = Release|Any CPU
	EndGlobalSection
	GlobalSection(ProjectConfigurationPlatforms) = postSolution
		{8DF2AFB6-6602-41CA-A139-1190BD83C3D9}.Debug|Any CPU.ActiveCfg = Debug|Any CPU
		{8DF2AFB6-6602-41CA-A139-1190BD83C3D9}.Debug|Any CPU.Build.0 = Debug|Any CPU
		{8DF2AFB6-6602-41CA-A139-1190BD83C3D9}.Release|Any CPU.ActiveCfg = Release|Any CPU
		{8DF2AFB6-6602-41CA-A139-1190BD83C3D9}.Release|Any CPU.Build.0 = Release|Any CPU
		{645FC056-0B81-4E5C-9C9E-06D402B99CBF}.Debug|Any CPU.ActiveCfg = Debug|Any CPU
		{645FC056-0B81-4E5C-9C9E-06D402B99CBF}.Debug|Any CPU.Build.0 = Debug|Any CPU
		{645FC056-0B81-4E5C-9C9E-06D402B99CBF}.Release|Any CPU.ActiveCfg = Release|Any CPU
		{645FC056-0B81-4E5C-9C9E-06D402B99CBF}.Release|Any CPU.Build.0 = Release|Any CPU
		{A090C105-8E79-4C38-A8FE-65C4DB0469DE}.Debug|Any CPU.ActiveCfg = Debug|Any CPU
		{A090C105-8E79-4C38-A8FE-65C4DB0469DE}.Debug|Any CPU.Build.0 = Debug|Any CPU
		{A090C105-8E79-4C38-A8FE-65C4DB0469DE}.Release|Any CPU.ActiveCfg = Release|Any CPU
		{A090C105-8E79-4C38-A8FE-65C4DB0469DE}.Release|Any CPU.Build.0 = Release|Any CPU
		{17395582-B72A-46DC-B36C-414237F9CD38}.Debug|Any CPU.ActiveCfg = Debug|Any CPU
		{17395582-B72A-46DC-B36C-414237F9CD38}.Debug|Any CPU.Build.0 = Debug|Any CPU
		{17395582-B72A-46DC-B36C-414237F9CD38}.Release|Any CPU.ActiveCfg = Release|Any CPU
		{17395582-B72A-46DC-B36C-414237F9CD38}.Release|Any CPU.Build.0 = Release|Any CPU
		{4643111D-842D-4D75-94D0-7FFCB01BFCDE}.Debug|Any CPU.ActiveCfg = Debug|Any CPU
		{4643111D-842D-4D75-94D0-7FFCB01BFCDE}.Debug|Any CPU.Build.0 = Debug|Any CPU
		{4643111D-842D-4D75-94D0-7FFCB01BFCDE}.Release|Any CPU.ActiveCfg = Release|Any CPU
		{4643111D-842D-4D75-94D0-7FFCB01BFCDE}.Release|Any CPU.Build.0 = Release|Any CPU
	EndGlobalSection
	GlobalSection(SolutionProperties) = preSolution
		HideSolutionNode = FALSE
	EndGlobalSection
EndGlobal
